// !$*UTF8*$!
{
	archiveVersion = 1;
	classes = {
	};
	objectVersion = 55;
	objects = {

/* Begin PBXBuildFile section */
		03A79A222778E04B000E500E /* JarvisModel.swift in Sources */ = {isa = PBXBuildFile; fileRef = 03A79A212778E04B000E500E /* JarvisModel.swift */; };
		03A79A26278A110B000E500E /* InterfaceController.swift in Sources */ = {isa = PBXBuildFile; fileRef = 03A79A25278A110B000E500E /* InterfaceController.swift */; };
		03A79A2F278EE9D8000E500E /* Variable-Info.plist in Resources */ = {isa = PBXBuildFile; fileRef = 03A79A2E278EE9D8000E500E /* Variable-Info.plist */; };
		03CF97B22776320500FF4FAF /* Jarvis.app in Embed Watch Content */ = {isa = PBXBuildFile; fileRef = 03CF97B12776320500FF4FAF /* Jarvis.app */; settings = {ATTRIBUTES = (RemoveHeadersOnCopy, ); }; };
		03CF97B72776320600FF4FAF /* Assets.xcassets in Resources */ = {isa = PBXBuildFile; fileRef = 03CF97B62776320600FF4FAF /* Assets.xcassets */; };
		03CF97BD2776320700FF4FAF /* Jarvis WatchKit Extension.appex in Embed App Extensions */ = {isa = PBXBuildFile; fileRef = 03CF97BC2776320700FF4FAF /* Jarvis WatchKit Extension.appex */; settings = {ATTRIBUTES = (RemoveHeadersOnCopy, ); }; };
		03CF97C22776320700FF4FAF /* JarvisApp.swift in Sources */ = {isa = PBXBuildFile; fileRef = 03CF97C12776320700FF4FAF /* JarvisApp.swift */; };
		03CF97C42776320700FF4FAF /* ContentView.swift in Sources */ = {isa = PBXBuildFile; fileRef = 03CF97C32776320700FF4FAF /* ContentView.swift */; };
		03CF97C62776320700FF4FAF /* NotificationController.swift in Sources */ = {isa = PBXBuildFile; fileRef = 03CF97C52776320700FF4FAF /* NotificationController.swift */; };
		03CF97C82776320700FF4FAF /* NotificationView.swift in Sources */ = {isa = PBXBuildFile; fileRef = 03CF97C72776320700FF4FAF /* NotificationView.swift */; };
		03CF97CA2776320700FF4FAF /* ComplicationController.swift in Sources */ = {isa = PBXBuildFile; fileRef = 03CF97C92776320700FF4FAF /* ComplicationController.swift */; };
		03CF97CC2776320800FF4FAF /* Assets.xcassets in Resources */ = {isa = PBXBuildFile; fileRef = 03CF97CB2776320800FF4FAF /* Assets.xcassets */; };
		03CF97CF2776320800FF4FAF /* Preview Assets.xcassets in Resources */ = {isa = PBXBuildFile; fileRef = 03CF97CE2776320800FF4FAF /* Preview Assets.xcassets */; };
		57D717BF2C44ADED8B8DA369 /* Pods_Jarvis_WatchKit_App.framework in Frameworks */ = {isa = PBXBuildFile; fileRef = EE884AEBD3C6962E9B27507A /* Pods_Jarvis_WatchKit_App.framework */; };
		626888A4665F0A9835D6BBCC /* Pods_Jarvis_WatchKit_Extension.framework in Frameworks */ = {isa = PBXBuildFile; fileRef = B58C937647CF0D015AF4ACFC /* Pods_Jarvis_WatchKit_Extension.framework */; };
		8940BA2AC3CAA2512D77E58D /* Pods_Jarvis.framework in Frameworks */ = {isa = PBXBuildFile; fileRef = E3B1217E6C46375E6E6B52AD /* Pods_Jarvis.framework */; };
/* End PBXBuildFile section */

/* Begin PBXContainerItemProxy section */
		03CF97B32776320500FF4FAF /* PBXContainerItemProxy */ = {
			isa = PBXContainerItemProxy;
			containerPortal = 03CF97A72776320400FF4FAF /* Project object */;
			proxyType = 1;
			remoteGlobalIDString = 03CF97B02776320500FF4FAF;
			remoteInfo = "Jarvis WatchKit App";
		};
		03CF97BE2776320700FF4FAF /* PBXContainerItemProxy */ = {
			isa = PBXContainerItemProxy;
			containerPortal = 03CF97A72776320400FF4FAF /* Project object */;
			proxyType = 1;
			remoteGlobalIDString = 03CF97BB2776320700FF4FAF;
			remoteInfo = "Jarvis WatchKit Extension";
		};
/* End PBXContainerItemProxy section */

/* Begin PBXCopyFilesBuildPhase section */
		03CF97D72776320800FF4FAF /* Embed App Extensions */ = {
			isa = PBXCopyFilesBuildPhase;
			buildActionMask = 2147483647;
			dstPath = "";
			dstSubfolderSpec = 13;
			files = (
				03CF97BD2776320700FF4FAF /* Jarvis WatchKit Extension.appex in Embed App Extensions */,
			);
			name = "Embed App Extensions";
			runOnlyForDeploymentPostprocessing = 0;
		};
		03CF97DB2776320800FF4FAF /* Embed Watch Content */ = {
			isa = PBXCopyFilesBuildPhase;
			buildActionMask = 2147483647;
			dstPath = "$(CONTENTS_FOLDER_PATH)/Watch";
			dstSubfolderSpec = 16;
			files = (
				03CF97B22776320500FF4FAF /* Jarvis.app in Embed Watch Content */,
			);
			name = "Embed Watch Content";
			runOnlyForDeploymentPostprocessing = 0;
		};
/* End PBXCopyFilesBuildPhase section */

/* Begin PBXFileReference section */
		03A79A212778E04B000E500E /* JarvisModel.swift */ = {isa = PBXFileReference; lastKnownFileType = sourcecode.swift; path = JarvisModel.swift; sourceTree = "<group>"; };
		03A79A25278A110B000E500E /* InterfaceController.swift */ = {isa = PBXFileReference; lastKnownFileType = sourcecode.swift; path = InterfaceController.swift; sourceTree = "<group>"; };
		03A79A2E278EE9D8000E500E /* Variable-Info.plist */ = {isa = PBXFileReference; lastKnownFileType = text.plist.xml; path = "Variable-Info.plist"; sourceTree = "<group>"; };
		03CF97AD2776320500FF4FAF /* Jarvis.app */ = {isa = PBXFileReference; explicitFileType = wrapper.application; includeInIndex = 0; path = Jarvis.app; sourceTree = BUILT_PRODUCTS_DIR; };
		03CF97B12776320500FF4FAF /* Jarvis.app */ = {isa = PBXFileReference; explicitFileType = wrapper.application; includeInIndex = 0; path = Jarvis.app; sourceTree = BUILT_PRODUCTS_DIR; };
		03CF97B62776320600FF4FAF /* Assets.xcassets */ = {isa = PBXFileReference; lastKnownFileType = folder.assetcatalog; path = Assets.xcassets; sourceTree = "<group>"; };
		03CF97BC2776320700FF4FAF /* Jarvis WatchKit Extension.appex */ = {isa = PBXFileReference; explicitFileType = "wrapper.app-extension"; includeInIndex = 0; path = "Jarvis WatchKit Extension.appex"; sourceTree = BUILT_PRODUCTS_DIR; };
		03CF97C12776320700FF4FAF /* JarvisApp.swift */ = {isa = PBXFileReference; lastKnownFileType = sourcecode.swift; path = JarvisApp.swift; sourceTree = "<group>"; };
		03CF97C32776320700FF4FAF /* ContentView.swift */ = {isa = PBXFileReference; lastKnownFileType = sourcecode.swift; path = ContentView.swift; sourceTree = "<group>"; };
		03CF97C52776320700FF4FAF /* NotificationController.swift */ = {isa = PBXFileReference; lastKnownFileType = sourcecode.swift; path = NotificationController.swift; sourceTree = "<group>"; };
		03CF97C72776320700FF4FAF /* NotificationView.swift */ = {isa = PBXFileReference; lastKnownFileType = sourcecode.swift; path = NotificationView.swift; sourceTree = "<group>"; };
		03CF97C92776320700FF4FAF /* ComplicationController.swift */ = {isa = PBXFileReference; lastKnownFileType = sourcecode.swift; path = ComplicationController.swift; sourceTree = "<group>"; };
		03CF97CB2776320800FF4FAF /* Assets.xcassets */ = {isa = PBXFileReference; lastKnownFileType = folder.assetcatalog; path = Assets.xcassets; sourceTree = "<group>"; };
		03CF97CE2776320800FF4FAF /* Preview Assets.xcassets */ = {isa = PBXFileReference; lastKnownFileType = folder.assetcatalog; path = "Preview Assets.xcassets"; sourceTree = "<group>"; };
		03CF97D02776320800FF4FAF /* Info.plist */ = {isa = PBXFileReference; lastKnownFileType = text.plist.xml; path = Info.plist; sourceTree = "<group>"; };
		03CF97D12776320800FF4FAF /* PushNotificationPayload.apns */ = {isa = PBXFileReference; lastKnownFileType = text; path = PushNotificationPayload.apns; sourceTree = "<group>"; };
		1949C3CBF27E785276363A75 /* Pods-Jarvis.release.xcconfig */ = {isa = PBXFileReference; includeInIndex = 1; lastKnownFileType = text.xcconfig; name = "Pods-Jarvis.release.xcconfig"; path = "Target Support Files/Pods-Jarvis/Pods-Jarvis.release.xcconfig"; sourceTree = "<group>"; };
		74C4568D0AC77525D1B98260 /* Pods-Jarvis WatchKit Extension.debug.xcconfig */ = {isa = PBXFileReference; includeInIndex = 1; lastKnownFileType = text.xcconfig; name = "Pods-Jarvis WatchKit Extension.debug.xcconfig"; path = "Target Support Files/Pods-Jarvis WatchKit Extension/Pods-Jarvis WatchKit Extension.debug.xcconfig"; sourceTree = "<group>"; };
		A441487E791902E75C5C6502 /* Pods-Jarvis WatchKit Extension.release.xcconfig */ = {isa = PBXFileReference; includeInIndex = 1; lastKnownFileType = text.xcconfig; name = "Pods-Jarvis WatchKit Extension.release.xcconfig"; path = "Target Support Files/Pods-Jarvis WatchKit Extension/Pods-Jarvis WatchKit Extension.release.xcconfig"; sourceTree = "<group>"; };
		B58C937647CF0D015AF4ACFC /* Pods_Jarvis_WatchKit_Extension.framework */ = {isa = PBXFileReference; explicitFileType = wrapper.framework; includeInIndex = 0; path = Pods_Jarvis_WatchKit_Extension.framework; sourceTree = BUILT_PRODUCTS_DIR; };
		C210AFABD00EB97993C5DA21 /* Pods-Jarvis.debug.xcconfig */ = {isa = PBXFileReference; includeInIndex = 1; lastKnownFileType = text.xcconfig; name = "Pods-Jarvis.debug.xcconfig"; path = "Target Support Files/Pods-Jarvis/Pods-Jarvis.debug.xcconfig"; sourceTree = "<group>"; };
		E3B1217E6C46375E6E6B52AD /* Pods_Jarvis.framework */ = {isa = PBXFileReference; explicitFileType = wrapper.framework; includeInIndex = 0; path = Pods_Jarvis.framework; sourceTree = BUILT_PRODUCTS_DIR; };
		E3B9D9F066C4191F4478495A /* Pods-Jarvis WatchKit App.release.xcconfig */ = {isa = PBXFileReference; includeInIndex = 1; lastKnownFileType = text.xcconfig; name = "Pods-Jarvis WatchKit App.release.xcconfig"; path = "Target Support Files/Pods-Jarvis WatchKit App/Pods-Jarvis WatchKit App.release.xcconfig"; sourceTree = "<group>"; };
		E5B6630C2F32F9E9135F55C4 /* Pods-Jarvis WatchKit App.debug.xcconfig */ = {isa = PBXFileReference; includeInIndex = 1; lastKnownFileType = text.xcconfig; name = "Pods-Jarvis WatchKit App.debug.xcconfig"; path = "Target Support Files/Pods-Jarvis WatchKit App/Pods-Jarvis WatchKit App.debug.xcconfig"; sourceTree = "<group>"; };
		EE884AEBD3C6962E9B27507A /* Pods_Jarvis_WatchKit_App.framework */ = {isa = PBXFileReference; explicitFileType = wrapper.framework; includeInIndex = 0; path = Pods_Jarvis_WatchKit_App.framework; sourceTree = BUILT_PRODUCTS_DIR; };
/* End PBXFileReference section */

/* Begin PBXFrameworksBuildPhase section */
		03CF97B92776320700FF4FAF /* Frameworks */ = {
			isa = PBXFrameworksBuildPhase;
			buildActionMask = 2147483647;
			files = (
				626888A4665F0A9835D6BBCC /* Pods_Jarvis_WatchKit_Extension.framework in Frameworks */,
			);
			runOnlyForDeploymentPostprocessing = 0;
		};
		3B186E3C6F05B7C75394F65F /* Frameworks */ = {
			isa = PBXFrameworksBuildPhase;
			buildActionMask = 2147483647;
			files = (
				8940BA2AC3CAA2512D77E58D /* Pods_Jarvis.framework in Frameworks */,
			);
			runOnlyForDeploymentPostprocessing = 0;
		};
		DBEB5543336078EBBC2600D0 /* Frameworks */ = {
			isa = PBXFrameworksBuildPhase;
			buildActionMask = 2147483647;
			files = (
				57D717BF2C44ADED8B8DA369 /* Pods_Jarvis_WatchKit_App.framework in Frameworks */,
			);
			runOnlyForDeploymentPostprocessing = 0;
		};
/* End PBXFrameworksBuildPhase section */

/* Begin PBXGroup section */
		03CF97A62776320400FF4FAF = {
			isa = PBXGroup;
			children = (
				03CF97B52776320500FF4FAF /* Jarvis WatchKit App */,
				03CF97C02776320700FF4FAF /* Jarvis WatchKit Extension */,
				03CF97AE2776320500FF4FAF /* Products */,
				8338FC2A2E988E2F8D21B9AD /* Pods */,
				2BCE00781702A1C61DA66433 /* Frameworks */,
			);
			sourceTree = "<group>";
		};
		03CF97AE2776320500FF4FAF /* Products */ = {
			isa = PBXGroup;
			children = (
				03CF97AD2776320500FF4FAF /* Jarvis.app */,
				03CF97B12776320500FF4FAF /* Jarvis.app */,
				03CF97BC2776320700FF4FAF /* Jarvis WatchKit Extension.appex */,
			);
			name = Products;
			sourceTree = "<group>";
		};
		03CF97B52776320500FF4FAF /* Jarvis WatchKit App */ = {
			isa = PBXGroup;
			children = (
				03CF97B62776320600FF4FAF /* Assets.xcassets */,
			);
			path = "Jarvis WatchKit App";
			sourceTree = "<group>";
		};
		03CF97C02776320700FF4FAF /* Jarvis WatchKit Extension */ = {
			isa = PBXGroup;
			children = (
				03CF97C12776320700FF4FAF /* JarvisApp.swift */,
				03CF97C32776320700FF4FAF /* ContentView.swift */,
				03CF97C52776320700FF4FAF /* NotificationController.swift */,
				03CF97C72776320700FF4FAF /* NotificationView.swift */,
				03CF97C92776320700FF4FAF /* ComplicationController.swift */,
				03A79A212778E04B000E500E /* JarvisModel.swift */,
				03A79A25278A110B000E500E /* InterfaceController.swift */,
				03CF97CB2776320800FF4FAF /* Assets.xcassets */,
				03CF97D02776320800FF4FAF /* Info.plist */,
				03CF97D12776320800FF4FAF /* PushNotificationPayload.apns */,
				03CF97CD2776320800FF4FAF /* Preview Content */,
				03A79A2E278EE9D8000E500E /* Variable-Info.plist */,
			);
			path = "Jarvis WatchKit Extension";
			sourceTree = "<group>";
		};
		03CF97CD2776320800FF4FAF /* Preview Content */ = {
			isa = PBXGroup;
			children = (
				03CF97CE2776320800FF4FAF /* Preview Assets.xcassets */,
			);
			path = "Preview Content";
			sourceTree = "<group>";
		};
		2BCE00781702A1C61DA66433 /* Frameworks */ = {
			isa = PBXGroup;
			children = (
				E3B1217E6C46375E6E6B52AD /* Pods_Jarvis.framework */,
				EE884AEBD3C6962E9B27507A /* Pods_Jarvis_WatchKit_App.framework */,
				B58C937647CF0D015AF4ACFC /* Pods_Jarvis_WatchKit_Extension.framework */,
			);
			name = Frameworks;
			sourceTree = "<group>";
		};
		8338FC2A2E988E2F8D21B9AD /* Pods */ = {
			isa = PBXGroup;
			children = (
				C210AFABD00EB97993C5DA21 /* Pods-Jarvis.debug.xcconfig */,
				1949C3CBF27E785276363A75 /* Pods-Jarvis.release.xcconfig */,
				E5B6630C2F32F9E9135F55C4 /* Pods-Jarvis WatchKit App.debug.xcconfig */,
				E3B9D9F066C4191F4478495A /* Pods-Jarvis WatchKit App.release.xcconfig */,
				74C4568D0AC77525D1B98260 /* Pods-Jarvis WatchKit Extension.debug.xcconfig */,
				A441487E791902E75C5C6502 /* Pods-Jarvis WatchKit Extension.release.xcconfig */,
			);
			path = Pods;
			sourceTree = "<group>";
		};
/* End PBXGroup section */

/* Begin PBXNativeTarget section */
		03CF97AC2776320400FF4FAF /* Jarvis */ = {
			isa = PBXNativeTarget;
			buildConfigurationList = 03CF97DC2776320800FF4FAF /* Build configuration list for PBXNativeTarget "Jarvis" */;
			buildPhases = (
				96CD06DEF6C436C5FFDA6C17 /* [CP] Check Pods Manifest.lock */,
				03CF97AB2776320400FF4FAF /* Resources */,
				03CF97DB2776320800FF4FAF /* Embed Watch Content */,
				3B186E3C6F05B7C75394F65F /* Frameworks */,
			);
			buildRules = (
			);
			dependencies = (
				03CF97B42776320500FF4FAF /* PBXTargetDependency */,
			);
			name = Jarvis;
			productName = Jarvis;
			productReference = 03CF97AD2776320500FF4FAF /* Jarvis.app */;
			productType = "com.apple.product-type.application.watchapp2-container";
		};
		03CF97B02776320500FF4FAF /* Jarvis WatchKit App */ = {
			isa = PBXNativeTarget;
			buildConfigurationList = 03CF97D82776320800FF4FAF /* Build configuration list for PBXNativeTarget "Jarvis WatchKit App" */;
			buildPhases = (
				E153CE9818FC53BE8C8B9E89 /* [CP] Check Pods Manifest.lock */,
				03CF97AF2776320500FF4FAF /* Resources */,
				03CF97D72776320800FF4FAF /* Embed App Extensions */,
				DBEB5543336078EBBC2600D0 /* Frameworks */,
			);
			buildRules = (
			);
			dependencies = (
				03CF97BF2776320700FF4FAF /* PBXTargetDependency */,
			);
			name = "Jarvis WatchKit App";
			productName = "Jarvis WatchKit App";
			productReference = 03CF97B12776320500FF4FAF /* Jarvis.app */;
			productType = "com.apple.product-type.application.watchapp2";
		};
		03CF97BB2776320700FF4FAF /* Jarvis WatchKit Extension */ = {
			isa = PBXNativeTarget;
			buildConfigurationList = 03CF97D42776320800FF4FAF /* Build configuration list for PBXNativeTarget "Jarvis WatchKit Extension" */;
			buildPhases = (
				F86C0D553CCEA098C3D0826B /* [CP] Check Pods Manifest.lock */,
				03CF97B82776320700FF4FAF /* Sources */,
				03CF97B92776320700FF4FAF /* Frameworks */,
				03CF97BA2776320700FF4FAF /* Resources */,
				2AF8FC8D6CB675C15B397D34 /* [CP] Embed Pods Frameworks */,
			);
			buildRules = (
			);
			dependencies = (
			);
			name = "Jarvis WatchKit Extension";
			productName = "Jarvis WatchKit Extension";
			productReference = 03CF97BC2776320700FF4FAF /* Jarvis WatchKit Extension.appex */;
			productType = "com.apple.product-type.watchkit2-extension";
		};
/* End PBXNativeTarget section */

/* Begin PBXProject section */
		03CF97A72776320400FF4FAF /* Project object */ = {
			isa = PBXProject;
			attributes = {
				BuildIndependentTargetsInParallel = 1;
				LastSwiftUpdateCheck = 1320;
				LastUpgradeCheck = 1320;
				TargetAttributes = {
					03CF97AC2776320400FF4FAF = {
						CreatedOnToolsVersion = 13.2.1;
					};
					03CF97B02776320500FF4FAF = {
						CreatedOnToolsVersion = 13.2.1;
					};
					03CF97BB2776320700FF4FAF = {
						CreatedOnToolsVersion = 13.2.1;
					};
				};
			};
			buildConfigurationList = 03CF97AA2776320400FF4FAF /* Build configuration list for PBXProject "Jarvis" */;
			compatibilityVersion = "Xcode 13.0";
			developmentRegion = en;
			hasScannedForEncodings = 0;
			knownRegions = (
				en,
				Base,
			);
			mainGroup = 03CF97A62776320400FF4FAF;
			productRefGroup = 03CF97AE2776320500FF4FAF /* Products */;
			projectDirPath = "";
			projectRoot = "";
			targets = (
				03CF97AC2776320400FF4FAF /* Jarvis */,
				03CF97B02776320500FF4FAF /* Jarvis WatchKit App */,
				03CF97BB2776320700FF4FAF /* Jarvis WatchKit Extension */,
			);
		};
/* End PBXProject section */

/* Begin PBXResourcesBuildPhase section */
		03CF97AB2776320400FF4FAF /* Resources */ = {
			isa = PBXResourcesBuildPhase;
			buildActionMask = 2147483647;
			files = (
			);
			runOnlyForDeploymentPostprocessing = 0;
		};
		03CF97AF2776320500FF4FAF /* Resources */ = {
			isa = PBXResourcesBuildPhase;
			buildActionMask = 2147483647;
			files = (
				03CF97B72776320600FF4FAF /* Assets.xcassets in Resources */,
			);
			runOnlyForDeploymentPostprocessing = 0;
		};
		03CF97BA2776320700FF4FAF /* Resources */ = {
			isa = PBXResourcesBuildPhase;
			buildActionMask = 2147483647;
			files = (
				03A79A2F278EE9D8000E500E /* Variable-Info.plist in Resources */,
				03CF97CF2776320800FF4FAF /* Preview Assets.xcassets in Resources */,
				03CF97CC2776320800FF4FAF /* Assets.xcassets in Resources */,
			);
			runOnlyForDeploymentPostprocessing = 0;
		};
/* End PBXResourcesBuildPhase section */

/* Begin PBXShellScriptBuildPhase section */
		2AF8FC8D6CB675C15B397D34 /* [CP] Embed Pods Frameworks */ = {
			isa = PBXShellScriptBuildPhase;
			buildActionMask = 2147483647;
			files = (
			);
			inputFileListPaths = (
				"${PODS_ROOT}/Target Support Files/Pods-Jarvis WatchKit Extension/Pods-Jarvis WatchKit Extension-frameworks-${CONFIGURATION}-input-files.xcfilelist",
			);
			name = "[CP] Embed Pods Frameworks";
			outputFileListPaths = (
				"${PODS_ROOT}/Target Support Files/Pods-Jarvis WatchKit Extension/Pods-Jarvis WatchKit Extension-frameworks-${CONFIGURATION}-output-files.xcfilelist",
			);
			runOnlyForDeploymentPostprocessing = 0;
			shellPath = /bin/sh;
			shellScript = "\"${PODS_ROOT}/Target Support Files/Pods-Jarvis WatchKit Extension/Pods-Jarvis WatchKit Extension-frameworks.sh\"\n";
			showEnvVarsInLog = 0;
		};
		96CD06DEF6C436C5FFDA6C17 /* [CP] Check Pods Manifest.lock */ = {
			isa = PBXShellScriptBuildPhase;
			buildActionMask = 2147483647;
			files = (
			);
			inputFileListPaths = (
			);
			inputPaths = (
				"${PODS_PODFILE_DIR_PATH}/Podfile.lock",
				"${PODS_ROOT}/Manifest.lock",
			);
			name = "[CP] Check Pods Manifest.lock";
			outputFileListPaths = (
			);
			outputPaths = (
				"$(DERIVED_FILE_DIR)/Pods-Jarvis-checkManifestLockResult.txt",
			);
			runOnlyForDeploymentPostprocessing = 0;
			shellPath = /bin/sh;
			shellScript = "diff \"${PODS_PODFILE_DIR_PATH}/Podfile.lock\" \"${PODS_ROOT}/Manifest.lock\" > /dev/null\nif [ $? != 0 ] ; then\n    # print error to STDERR\n    echo \"error: The sandbox is not in sync with the Podfile.lock. Run 'pod install' or update your CocoaPods installation.\" >&2\n    exit 1\nfi\n# This output is used by Xcode 'outputs' to avoid re-running this script phase.\necho \"SUCCESS\" > \"${SCRIPT_OUTPUT_FILE_0}\"\n";
			showEnvVarsInLog = 0;
		};
		E153CE9818FC53BE8C8B9E89 /* [CP] Check Pods Manifest.lock */ = {
			isa = PBXShellScriptBuildPhase;
			buildActionMask = 2147483647;
			files = (
			);
			inputFileListPaths = (
			);
			inputPaths = (
				"${PODS_PODFILE_DIR_PATH}/Podfile.lock",
				"${PODS_ROOT}/Manifest.lock",
			);
			name = "[CP] Check Pods Manifest.lock";
			outputFileListPaths = (
			);
			outputPaths = (
				"$(DERIVED_FILE_DIR)/Pods-Jarvis WatchKit App-checkManifestLockResult.txt",
			);
			runOnlyForDeploymentPostprocessing = 0;
			shellPath = /bin/sh;
			shellScript = "diff \"${PODS_PODFILE_DIR_PATH}/Podfile.lock\" \"${PODS_ROOT}/Manifest.lock\" > /dev/null\nif [ $? != 0 ] ; then\n    # print error to STDERR\n    echo \"error: The sandbox is not in sync with the Podfile.lock. Run 'pod install' or update your CocoaPods installation.\" >&2\n    exit 1\nfi\n# This output is used by Xcode 'outputs' to avoid re-running this script phase.\necho \"SUCCESS\" > \"${SCRIPT_OUTPUT_FILE_0}\"\n";
			showEnvVarsInLog = 0;
		};
		F86C0D553CCEA098C3D0826B /* [CP] Check Pods Manifest.lock */ = {
			isa = PBXShellScriptBuildPhase;
			buildActionMask = 2147483647;
			files = (
			);
			inputFileListPaths = (
			);
			inputPaths = (
				"${PODS_PODFILE_DIR_PATH}/Podfile.lock",
				"${PODS_ROOT}/Manifest.lock",
			);
			name = "[CP] Check Pods Manifest.lock";
			outputFileListPaths = (
			);
			outputPaths = (
				"$(DERIVED_FILE_DIR)/Pods-Jarvis WatchKit Extension-checkManifestLockResult.txt",
			);
			runOnlyForDeploymentPostprocessing = 0;
			shellPath = /bin/sh;
			shellScript = "diff \"${PODS_PODFILE_DIR_PATH}/Podfile.lock\" \"${PODS_ROOT}/Manifest.lock\" > /dev/null\nif [ $? != 0 ] ; then\n    # print error to STDERR\n    echo \"error: The sandbox is not in sync with the Podfile.lock. Run 'pod install' or update your CocoaPods installation.\" >&2\n    exit 1\nfi\n# This output is used by Xcode 'outputs' to avoid re-running this script phase.\necho \"SUCCESS\" > \"${SCRIPT_OUTPUT_FILE_0}\"\n";
			showEnvVarsInLog = 0;
		};
/* End PBXShellScriptBuildPhase section */

/* Begin PBXSourcesBuildPhase section */
		03CF97B82776320700FF4FAF /* Sources */ = {
			isa = PBXSourcesBuildPhase;
			buildActionMask = 2147483647;
			files = (
				03CF97C62776320700FF4FAF /* NotificationController.swift in Sources */,
				03CF97C42776320700FF4FAF /* ContentView.swift in Sources */,
				03CF97CA2776320700FF4FAF /* ComplicationController.swift in Sources */,
				03A79A26278A110B000E500E /* InterfaceController.swift in Sources */,
				03A79A222778E04B000E500E /* JarvisModel.swift in Sources */,
				03CF97C22776320700FF4FAF /* JarvisApp.swift in Sources */,
				03CF97C82776320700FF4FAF /* NotificationView.swift in Sources */,
			);
			runOnlyForDeploymentPostprocessing = 0;
		};
/* End PBXSourcesBuildPhase section */

/* Begin PBXTargetDependency section */
		03CF97B42776320500FF4FAF /* PBXTargetDependency */ = {
			isa = PBXTargetDependency;
			target = 03CF97B02776320500FF4FAF /* Jarvis WatchKit App */;
			targetProxy = 03CF97B32776320500FF4FAF /* PBXContainerItemProxy */;
		};
		03CF97BF2776320700FF4FAF /* PBXTargetDependency */ = {
			isa = PBXTargetDependency;
			target = 03CF97BB2776320700FF4FAF /* Jarvis WatchKit Extension */;
			targetProxy = 03CF97BE2776320700FF4FAF /* PBXContainerItemProxy */;
		};
/* End PBXTargetDependency section */

/* Begin XCBuildConfiguration section */
		03CF97D22776320800FF4FAF /* Debug */ = {
			isa = XCBuildConfiguration;
			buildSettings = {
				ALWAYS_SEARCH_USER_PATHS = NO;
				CLANG_ANALYZER_NONNULL = YES;
				CLANG_ANALYZER_NUMBER_OBJECT_CONVERSION = YES_AGGRESSIVE;
				CLANG_CXX_LANGUAGE_STANDARD = "gnu++17";
				CLANG_CXX_LIBRARY = "libc++";
				CLANG_ENABLE_MODULES = YES;
				CLANG_ENABLE_OBJC_ARC = YES;
				CLANG_ENABLE_OBJC_WEAK = YES;
				CLANG_WARN_BLOCK_CAPTURE_AUTORELEASING = YES;
				CLANG_WARN_BOOL_CONVERSION = YES;
				CLANG_WARN_COMMA = YES;
				CLANG_WARN_CONSTANT_CONVERSION = YES;
				CLANG_WARN_DEPRECATED_OBJC_IMPLEMENTATIONS = YES;
				CLANG_WARN_DIRECT_OBJC_ISA_USAGE = YES_ERROR;
				CLANG_WARN_DOCUMENTATION_COMMENTS = YES;
				CLANG_WARN_EMPTY_BODY = YES;
				CLANG_WARN_ENUM_CONVERSION = YES;
				CLANG_WARN_INFINITE_RECURSION = YES;
				CLANG_WARN_INT_CONVERSION = YES;
				CLANG_WARN_NON_LITERAL_NULL_CONVERSION = YES;
				CLANG_WARN_OBJC_IMPLICIT_RETAIN_SELF = YES;
				CLANG_WARN_OBJC_LITERAL_CONVERSION = YES;
				CLANG_WARN_OBJC_ROOT_CLASS = YES_ERROR;
				CLANG_WARN_QUOTED_INCLUDE_IN_FRAMEWORK_HEADER = YES;
				CLANG_WARN_RANGE_LOOP_ANALYSIS = YES;
				CLANG_WARN_STRICT_PROTOTYPES = YES;
				CLANG_WARN_SUSPICIOUS_MOVE = YES;
				CLANG_WARN_UNGUARDED_AVAILABILITY = YES_AGGRESSIVE;
				CLANG_WARN_UNREACHABLE_CODE = YES;
				CLANG_WARN__DUPLICATE_METHOD_MATCH = YES;
				COPY_PHASE_STRIP = NO;
				DEBUG_INFORMATION_FORMAT = dwarf;
				ENABLE_STRICT_OBJC_MSGSEND = YES;
				ENABLE_TESTABILITY = YES;
				GCC_C_LANGUAGE_STANDARD = gnu11;
				GCC_DYNAMIC_NO_PIC = NO;
				GCC_NO_COMMON_BLOCKS = YES;
				GCC_OPTIMIZATION_LEVEL = 0;
				GCC_PREPROCESSOR_DEFINITIONS = (
					"DEBUG=1",
					"$(inherited)",
				);
				GCC_WARN_64_TO_32_BIT_CONVERSION = YES;
				GCC_WARN_ABOUT_RETURN_TYPE = YES_ERROR;
				GCC_WARN_UNDECLARED_SELECTOR = YES;
				GCC_WARN_UNINITIALIZED_AUTOS = YES_AGGRESSIVE;
				GCC_WARN_UNUSED_FUNCTION = YES;
				GCC_WARN_UNUSED_VARIABLE = YES;
				MTL_ENABLE_DEBUG_INFO = INCLUDE_SOURCE;
				MTL_FAST_MATH = YES;
				ONLY_ACTIVE_ARCH = YES;
				SDKROOT = iphoneos;
				SWIFT_ACTIVE_COMPILATION_CONDITIONS = DEBUG;
				SWIFT_OPTIMIZATION_LEVEL = "-Onone";
			};
			name = Debug;
		};
		03CF97D32776320800FF4FAF /* Release */ = {
			isa = XCBuildConfiguration;
			buildSettings = {
				ALWAYS_SEARCH_USER_PATHS = NO;
				CLANG_ANALYZER_NONNULL = YES;
				CLANG_ANALYZER_NUMBER_OBJECT_CONVERSION = YES_AGGRESSIVE;
				CLANG_CXX_LANGUAGE_STANDARD = "gnu++17";
				CLANG_CXX_LIBRARY = "libc++";
				CLANG_ENABLE_MODULES = YES;
				CLANG_ENABLE_OBJC_ARC = YES;
				CLANG_ENABLE_OBJC_WEAK = YES;
				CLANG_WARN_BLOCK_CAPTURE_AUTORELEASING = YES;
				CLANG_WARN_BOOL_CONVERSION = YES;
				CLANG_WARN_COMMA = YES;
				CLANG_WARN_CONSTANT_CONVERSION = YES;
				CLANG_WARN_DEPRECATED_OBJC_IMPLEMENTATIONS = YES;
				CLANG_WARN_DIRECT_OBJC_ISA_USAGE = YES_ERROR;
				CLANG_WARN_DOCUMENTATION_COMMENTS = YES;
				CLANG_WARN_EMPTY_BODY = YES;
				CLANG_WARN_ENUM_CONVERSION = YES;
				CLANG_WARN_INFINITE_RECURSION = YES;
				CLANG_WARN_INT_CONVERSION = YES;
				CLANG_WARN_NON_LITERAL_NULL_CONVERSION = YES;
				CLANG_WARN_OBJC_IMPLICIT_RETAIN_SELF = YES;
				CLANG_WARN_OBJC_LITERAL_CONVERSION = YES;
				CLANG_WARN_OBJC_ROOT_CLASS = YES_ERROR;
				CLANG_WARN_QUOTED_INCLUDE_IN_FRAMEWORK_HEADER = YES;
				CLANG_WARN_RANGE_LOOP_ANALYSIS = YES;
				CLANG_WARN_STRICT_PROTOTYPES = YES;
				CLANG_WARN_SUSPICIOUS_MOVE = YES;
				CLANG_WARN_UNGUARDED_AVAILABILITY = YES_AGGRESSIVE;
				CLANG_WARN_UNREACHABLE_CODE = YES;
				CLANG_WARN__DUPLICATE_METHOD_MATCH = YES;
				COPY_PHASE_STRIP = NO;
				DEBUG_INFORMATION_FORMAT = "dwarf-with-dsym";
				ENABLE_NS_ASSERTIONS = NO;
				ENABLE_STRICT_OBJC_MSGSEND = YES;
				GCC_C_LANGUAGE_STANDARD = gnu11;
				GCC_NO_COMMON_BLOCKS = YES;
				GCC_WARN_64_TO_32_BIT_CONVERSION = YES;
				GCC_WARN_ABOUT_RETURN_TYPE = YES_ERROR;
				GCC_WARN_UNDECLARED_SELECTOR = YES;
				GCC_WARN_UNINITIALIZED_AUTOS = YES_AGGRESSIVE;
				GCC_WARN_UNUSED_FUNCTION = YES;
				GCC_WARN_UNUSED_VARIABLE = YES;
				MTL_ENABLE_DEBUG_INFO = NO;
				MTL_FAST_MATH = YES;
				SDKROOT = iphoneos;
				SWIFT_COMPILATION_MODE = wholemodule;
				SWIFT_OPTIMIZATION_LEVEL = "-O";
				VALIDATE_PRODUCT = YES;
			};
			name = Release;
		};
		03CF97D52776320800FF4FAF /* Debug */ = {
			isa = XCBuildConfiguration;
			baseConfigurationReference = 74C4568D0AC77525D1B98260 /* Pods-Jarvis WatchKit Extension.debug.xcconfig */;
			buildSettings = {
				ASSETCATALOG_COMPILER_COMPLICATION_NAME = Complication;
				CODE_SIGN_STYLE = Automatic;
				CURRENT_PROJECT_VERSION = 1;
				DEVELOPMENT_ASSET_PATHS = "\"Jarvis WatchKit Extension/Preview Content\"";
				DEVELOPMENT_TEAM = N7C8DEK852;
				ENABLE_PREVIEWS = YES;
				GENERATE_INFOPLIST_FILE = YES;
				INFOPLIST_FILE = "Jarvis WatchKit Extension/Info.plist";
				INFOPLIST_KEY_CFBundleDisplayName = Jarvis;
				INFOPLIST_KEY_CLKComplicationPrincipalClass = Jarvis_WatchKit_Extension.ComplicationController;
				INFOPLIST_KEY_NSHumanReadableCopyright = "Josh Spicer";
				INFOPLIST_KEY_WKWatchOnly = YES;
				LD_RUNPATH_SEARCH_PATHS = (
					"$(inherited)",
					"@executable_path/Frameworks",
					"@executable_path/../../Frameworks",
				);
				MARKETING_VERSION = 1.1.1;
				PRODUCT_BUNDLE_IDENTIFIER = com.joshspicer.Jarvis.watchkitapp.watchkitextension;
				PRODUCT_NAME = "${TARGET_NAME}";
				SDKROOT = watchos;
				SKIP_INSTALL = YES;
				SWIFT_EMIT_LOC_STRINGS = YES;
				SWIFT_VERSION = 5.0;
				TARGETED_DEVICE_FAMILY = 4;
				WATCHOS_DEPLOYMENT_TARGET = 8.3;
			};
			name = Debug;
		};
		03CF97D62776320800FF4FAF /* Release */ = {
			isa = XCBuildConfiguration;
			baseConfigurationReference = A441487E791902E75C5C6502 /* Pods-Jarvis WatchKit Extension.release.xcconfig */;
			buildSettings = {
				ASSETCATALOG_COMPILER_COMPLICATION_NAME = Complication;
				CODE_SIGN_IDENTITY = "Apple Development";
				CODE_SIGN_STYLE = Automatic;
				CURRENT_PROJECT_VERSION = 1;
				DEVELOPMENT_ASSET_PATHS = "\"Jarvis WatchKit Extension/Preview Content\"";
				DEVELOPMENT_TEAM = N7C8DEK852;
				ENABLE_PREVIEWS = YES;
				GENERATE_INFOPLIST_FILE = YES;
				INFOPLIST_FILE = "Jarvis WatchKit Extension/Info.plist";
				INFOPLIST_KEY_CFBundleDisplayName = Jarvis;
				INFOPLIST_KEY_CLKComplicationPrincipalClass = Jarvis_WatchKit_Extension.ComplicationController;
				INFOPLIST_KEY_NSHumanReadableCopyright = "Josh Spicer";
				INFOPLIST_KEY_WKWatchOnly = YES;
				LD_RUNPATH_SEARCH_PATHS = (
					"$(inherited)",
					"@executable_path/Frameworks",
					"@executable_path/../../Frameworks",
				);
				MARKETING_VERSION = 1.1.1;
				PRODUCT_BUNDLE_IDENTIFIER = com.joshspicer.Jarvis.watchkitapp.watchkitextension;
				PRODUCT_NAME = "${TARGET_NAME}";
				PROVISIONING_PROFILE_SPECIFIER = "";
				SDKROOT = watchos;
				SKIP_INSTALL = YES;
				SWIFT_EMIT_LOC_STRINGS = YES;
				SWIFT_VERSION = 5.0;
				TARGETED_DEVICE_FAMILY = 4;
				WATCHOS_DEPLOYMENT_TARGET = 8.3;
			};
			name = Release;
		};
		03CF97D92776320800FF4FAF /* Debug */ = {
			isa = XCBuildConfiguration;
			baseConfigurationReference = E5B6630C2F32F9E9135F55C4 /* Pods-Jarvis WatchKit App.debug.xcconfig */;
			buildSettings = {
				ALWAYS_EMBED_SWIFT_STANDARD_LIBRARIES = YES;
				ASSETCATALOG_COMPILER_APPICON_NAME = AppIcon;
				ASSETCATALOG_COMPILER_GLOBAL_ACCENT_COLOR_NAME = AccentColor;
				CODE_SIGN_IDENTITY = "Apple Development";
				CODE_SIGN_STYLE = Automatic;
				CURRENT_PROJECT_VERSION = 1;
				DEVELOPMENT_TEAM = N7C8DEK852;
				GENERATE_INFOPLIST_FILE = YES;
				IBSC_MODULE = Jarvis_WatchKit_Extension;
				INFOPLIST_KEY_UISupportedInterfaceOrientations = "UIInterfaceOrientationPortrait UIInterfaceOrientationPortraitUpsideDown";
				MARKETING_VERSION = 1.1.1;
				PRODUCT_BUNDLE_IDENTIFIER = com.joshspicer.Jarvis.watchkitapp;
				PRODUCT_NAME = Jarvis;
				PROVISIONING_PROFILE_SPECIFIER = "";
				SDKROOT = watchos;
				SKIP_INSTALL = YES;
				SWIFT_EMIT_LOC_STRINGS = YES;
				SWIFT_VERSION = 5.0;
				TARGETED_DEVICE_FAMILY = 4;
				WATCHOS_DEPLOYMENT_TARGET = 8.3;
			};
			name = Debug;
		};
		03CF97DA2776320800FF4FAF /* Release */ = {
			isa = XCBuildConfiguration;
			baseConfigurationReference = E3B9D9F066C4191F4478495A /* Pods-Jarvis WatchKit App.release.xcconfig */;
			buildSettings = {
				ALWAYS_EMBED_SWIFT_STANDARD_LIBRARIES = YES;
				ASSETCATALOG_COMPILER_APPICON_NAME = AppIcon;
				ASSETCATALOG_COMPILER_GLOBAL_ACCENT_COLOR_NAME = AccentColor;
				CODE_SIGN_IDENTITY = "Apple Development";
				CODE_SIGN_STYLE = Automatic;
				CURRENT_PROJECT_VERSION = 1;
				DEVELOPMENT_TEAM = N7C8DEK852;
				GENERATE_INFOPLIST_FILE = YES;
				IBSC_MODULE = Jarvis_WatchKit_Extension;
				INFOPLIST_KEY_UISupportedInterfaceOrientations = "UIInterfaceOrientationPortrait UIInterfaceOrientationPortraitUpsideDown";
				MARKETING_VERSION = 1.1.1;
				PRODUCT_BUNDLE_IDENTIFIER = com.joshspicer.Jarvis.watchkitapp;
				PRODUCT_NAME = Jarvis;
				PROVISIONING_PROFILE_SPECIFIER = "";
				SDKROOT = watchos;
				SKIP_INSTALL = YES;
				SWIFT_EMIT_LOC_STRINGS = YES;
				SWIFT_VERSION = 5.0;
				TARGETED_DEVICE_FAMILY = 4;
				WATCHOS_DEPLOYMENT_TARGET = 8.3;
			};
			name = Release;
		};
		03CF97DD2776320800FF4FAF /* Debug */ = {
			isa = XCBuildConfiguration;
			baseConfigurationReference = C210AFABD00EB97993C5DA21 /* Pods-Jarvis.debug.xcconfig */;
			buildSettings = {
				CODE_SIGN_STYLE = Automatic;
				CURRENT_PROJECT_VERSION = 1;
				DEVELOPMENT_TEAM = N7C8DEK852;
				MARKETING_VERSION = 1.1.1;
				PRODUCT_BUNDLE_IDENTIFIER = com.joshspicer.Jarvis;
				PRODUCT_NAME = Jarvis;
				SWIFT_VERSION = 5.0;
			};
			name = Debug;
		};
		03CF97DE2776320800FF4FAF /* Release */ = {
			isa = XCBuildConfiguration;
			baseConfigurationReference = 1949C3CBF27E785276363A75 /* Pods-Jarvis.release.xcconfig */;
			buildSettings = {
				CODE_SIGN_IDENTITY = "Apple Development";
				CODE_SIGN_STYLE = Automatic;
				CURRENT_PROJECT_VERSION = 1;
				DEVELOPMENT_TEAM = N7C8DEK852;
				MARKETING_VERSION = 1.1.1;
				PRODUCT_BUNDLE_IDENTIFIER = com.joshspicer.Jarvis;
				PRODUCT_NAME = Jarvis;
				PROVISIONING_PROFILE_SPECIFIER = "";
				SWIFT_VERSION = 5.0;
			};
			name = Release;
		};
/* End XCBuildConfiguration section */

/* Begin XCConfigurationList section */
		03CF97AA2776320400FF4FAF /* Build configuration list for PBXProject "Jarvis" */ = {
			isa = XCConfigurationList;
			buildConfigurations = (
				03CF97D22776320800FF4FAF /* Debug */,
				03CF97D32776320800FF4FAF /* Release */,
			);
			defaultConfigurationIsVisible = 0;
			defaultConfigurationName = Release;
		};
		03CF97D42776320800FF4FAF /* Build configuration list for PBXNativeTarget "Jarvis WatchKit Extension" */ = {
			isa = XCConfigurationList;
			buildConfigurations = (
				03CF97D52776320800FF4FAF /* Debug */,
				03CF97D62776320800FF4FAF /* Release */,
			);
			defaultConfigurationIsVisible = 0;
			defaultConfigurationName = Release;
		};
		03CF97D82776320800FF4FAF /* Build configuration list for PBXNativeTarget "Jarvis WatchKit App" */ = {
			isa = XCConfigurationList;
			buildConfigurations = (
				03CF97D92776320800FF4FAF /* Debug */,
				03CF97DA2776320800FF4FAF /* Release */,
			);
			defaultConfigurationIsVisible = 0;
			defaultConfigurationName = Release;
		};
		03CF97DC2776320800FF4FAF /* Build configuration list for PBXNativeTarget "Jarvis" */ = {
			isa = XCConfigurationList;
			buildConfigurations = (
				03CF97DD2776320800FF4FAF /* Debug */,
				03CF97DE2776320800FF4FAF /* Release */,
			);
			defaultConfigurationIsVisible = 0;
			defaultConfigurationName = Release;
		};
/* End XCConfigurationList section */
	};
	rootObject = 03CF97A72776320400FF4FAF /* Project object */;
}
